
Microsoft Visual Studio Solution File, Format Version 12.00
# Visual Studio Version 16
VisualStudioVersion = 16.0.31424.327
MinimumVisualStudioVersion = 10.0.40219.1
Project("{FAE04EC0-301F-11D3-BF4B-00C04F79EFBC}") = "AulaApiWeb", "AulaApiWeb\AulaApiWeb.csproj", "{771500B5-B600-40B5-AE6C-EC648FA77FC2}"
EndProject
Global
	GlobalSection(SolutionConfigurationPlatforms) = preSolution
		Debug|Any CPU = Debug|Any CPU
		Release|Any CPU = Release|Any CPU
	EndGlobalSection
	GlobalSection(ProjectConfigurationPlatforms) = postSolution
		{771500B5-B600-40B5-AE6C-EC648FA77FC2}.Debug|Any CPU.ActiveCfg = Debug|Any CPU
		{771500B5-B600-40B5-AE6C-EC648FA77FC2}.Debug|Any CPU.Build.0 = Debug|Any CPU
		{771500B5-B600-40B5-AE6C-EC648FA77FC2}.Release|Any CPU.ActiveCfg = Release|Any CPU
		{771500B5-B600-40B5-AE6C-EC648FA77FC2}.Release|Any CPU.Build.0 = Release|Any CPU
	EndGlobalSection
	GlobalSection(SolutionProperties) = preSolution
		HideSolutionNode = FALSE
	EndGlobalSection
	GlobalSection(ExtensibilityGlobals) = postSolution
		SolutionGuid = {44977CF4-C424-4A0D-A4BD-42EF73B011C3}
	EndGlobalSection
EndGlobal
